// !$*UTF8*$!
{
	archiveVersion = 1;
	classes = {
	};
	objectVersion = 50;
	objects = {

/* Begin PBXBuildFile section */
		3C04F2D3209CAD1000D4AD20 /* AppDelegate.swift in Sources */ = {isa = PBXBuildFile; fileRef = 3C04F2D2209CAD1000D4AD20 /* AppDelegate.swift */; };
		3C04F2D5209CAD1000D4AD20 /* ViewController.swift in Sources */ = {isa = PBXBuildFile; fileRef = 3C04F2D4209CAD1000D4AD20 /* ViewController.swift */; };
		3C04F2D8209CAD1000D4AD20 /* Main.storyboard in Resources */ = {isa = PBXBuildFile; fileRef = 3C04F2D6209CAD1000D4AD20 /* Main.storyboard */; };
		3C04F2DB209CAD1000D4AD20 /* TopFreeApps.xcdatamodeld in Sources */ = {isa = PBXBuildFile; fileRef = 3C04F2D9209CAD1000D4AD20 /* TopFreeApps.xcdatamodeld */; };
		3C04F2DD209CAD1300D4AD20 /* Assets.xcassets in Resources */ = {isa = PBXBuildFile; fileRef = 3C04F2DC209CAD1300D4AD20 /* Assets.xcassets */; };
		3C04F2E0209CAD1300D4AD20 /* LaunchScreen.storyboard in Resources */ = {isa = PBXBuildFile; fileRef = 3C04F2DE209CAD1300D4AD20 /* LaunchScreen.storyboard */; };
		3C04F2EB209CAD1300D4AD20 /* TopFreeAppsTests.swift in Sources */ = {isa = PBXBuildFile; fileRef = 3C04F2EA209CAD1300D4AD20 /* TopFreeAppsTests.swift */; };
		3C04F2F6209CAD1300D4AD20 /* TopFreeAppsUITests.swift in Sources */ = {isa = PBXBuildFile; fileRef = 3C04F2F5209CAD1300D4AD20 /* TopFreeAppsUITests.swift */; };
/* End PBXBuildFile section */

/* Begin PBXContainerItemProxy section */
		3C04F2E7209CAD1300D4AD20 /* PBXContainerItemProxy */ = {
			isa = PBXContainerItemProxy;
			containerPortal = 3C04F2C7209CAD1000D4AD20 /* Project object */;
			proxyType = 1;
			remoteGlobalIDString = 3C04F2CE209CAD1000D4AD20;
			remoteInfo = TopFreeApps;
		};
		3C04F2F2209CAD1300D4AD20 /* PBXContainerItemProxy */ = {
			isa = PBXContainerItemProxy;
			containerPortal = 3C04F2C7209CAD1000D4AD20 /* Project object */;
			proxyType = 1;
			remoteGlobalIDString = 3C04F2CE209CAD1000D4AD20;
			remoteInfo = TopFreeApps;
		};
/* End PBXContainerItemProxy section */

/* Begin PBXFileReference section */
		3C04F2CF209CAD1000D4AD20 /* TopFreeApps.app */ = {isa = PBXFileReference; explicitFileType = wrapper.application; includeInIndex = 0; path = TopFreeApps.app; sourceTree = BUILT_PRODUCTS_DIR; };
		3C04F2D2209CAD1000D4AD20 /* AppDelegate.swift */ = {isa = PBXFileReference; lastKnownFileType = sourcecode.swift; path = AppDelegate.swift; sourceTree = "<group>"; };
		3C04F2D4209CAD1000D4AD20 /* ViewController.swift */ = {isa = PBXFileReference; lastKnownFileType = sourcecode.swift; path = ViewController.swift; sourceTree = "<group>"; };
		3C04F2D7209CAD1000D4AD20 /* Base */ = {isa = PBXFileReference; lastKnownFileType = file.storyboard; name = Base; path = Base.lproj/Main.storyboard; sourceTree = "<group>"; };
		3C04F2DA209CAD1000D4AD20 /* TopFreeApps.xcdatamodel */ = {isa = PBXFileReference; lastKnownFileType = wrapper.xcdatamodel; path = TopFreeApps.xcdatamodel; sourceTree = "<group>"; };
		3C04F2DC209CAD1300D4AD20 /* Assets.xcassets */ = {isa = PBXFileReference; lastKnownFileType = folder.assetcatalog; path = Assets.xcassets; sourceTree = "<group>"; };
		3C04F2DF209CAD1300D4AD20 /* Base */ = {isa = PBXFileReference; lastKnownFileType = file.storyboard; name = Base; path = Base.lproj/LaunchScreen.storyboard; sourceTree = "<group>"; };
		3C04F2E1209CAD1300D4AD20 /* Info.plist */ = {isa = PBXFileReference; lastKnownFileType = text.plist.xml; path = Info.plist; sourceTree = "<group>"; };
		3C04F2E6209CAD1300D4AD20 /* TopFreeAppsTests.xctest */ = {isa = PBXFileReference; explicitFileType = wrapper.cfbundle; includeInIndex = 0; path = TopFreeAppsTests.xctest; sourceTree = BUILT_PRODUCTS_DIR; };
		3C04F2EA209CAD1300D4AD20 /* TopFreeAppsTests.swift */ = {isa = PBXFileReference; lastKnownFileType = sourcecode.swift; path = TopFreeAppsTests.swift; sourceTree = "<group>"; };
		3C04F2EC209CAD1300D4AD20 /* Info.plist */ = {isa = PBXFileReference; lastKnownFileType = text.plist.xml; path = Info.plist; sourceTree = "<group>"; };
		3C04F2F1209CAD1300D4AD20 /* TopFreeAppsUITests.xctest */ = {isa = PBXFileReference; explicitFileType = wrapper.cfbundle; includeInIndex = 0; path = TopFreeAppsUITests.xctest; sourceTree = BUILT_PRODUCTS_DIR; };
		3C04F2F5209CAD1300D4AD20 /* TopFreeAppsUITests.swift */ = {isa = PBXFileReference; lastKnownFileType = sourcecode.swift; path = TopFreeAppsUITests.swift; sourceTree = "<group>"; };
		3C04F2F7209CAD1300D4AD20 /* Info.plist */ = {isa = PBXFileReference; lastKnownFileType = text.plist.xml; path = Info.plist; sourceTree = "<group>"; };
/* End PBXFileReference section */

/* Begin PBXFrameworksBuildPhase section */
		3C04F2CC209CAD1000D4AD20 /* Frameworks */ = {
			isa = PBXFrameworksBuildPhase;
			buildActionMask = 2147483647;
			files = (
			);
			runOnlyForDeploymentPostprocessing = 0;
		};
		3C04F2E3209CAD1300D4AD20 /* Frameworks */ = {
			isa = PBXFrameworksBuildPhase;
			buildActionMask = 2147483647;
			files = (
			);
			runOnlyForDeploymentPostprocessing = 0;
		};
		3C04F2EE209CAD1300D4AD20 /* Frameworks */ = {
			isa = PBXFrameworksBuildPhase;
			buildActionMask = 2147483647;
			files = (
			);
			runOnlyForDeploymentPostprocessing = 0;
		};
/* End PBXFrameworksBuildPhase section */

/* Begin PBXGroup section */
		3C04F2C6209CAD1000D4AD20 = {
			isa = PBXGroup;
			children = (
				3C04F2D1209CAD1000D4AD20 /* TopFreeApps */,
				3C04F2E9209CAD1300D4AD20 /* TopFreeAppsTests */,
				3C04F2F4209CAD1300D4AD20 /* TopFreeAppsUITests */,
				3C04F2D0209CAD1000D4AD20 /* Products */,
			);
			sourceTree = "<group>";
		};
		3C04F2D0209CAD1000D4AD20 /* Products */ = {
			isa = PBXGroup;
			children = (
				3C04F2CF209CAD1000D4AD20 /* TopFreeApps.app */,
				3C04F2E6209CAD1300D4AD20 /* TopFreeAppsTests.xctest */,
				3C04F2F1209CAD1300D4AD20 /* TopFreeAppsUITests.xctest */,
			);
			name = Products;
			sourceTree = "<group>";
		};
		3C04F2D1209CAD1000D4AD20 /* TopFreeApps */ = {
			isa = PBXGroup;
			children = (
				3C04F2D2209CAD1000D4AD20 /* AppDelegate.swift */,
				3C04F2D4209CAD1000D4AD20 /* ViewController.swift */,
				3C04F2D6209CAD1000D4AD20 /* Main.storyboard */,
				3C04F2DC209CAD1300D4AD20 /* Assets.xcassets */,
				3C04F2DE209CAD1300D4AD20 /* LaunchScreen.storyboard */,
				3C04F2E1209CAD1300D4AD20 /* Info.plist */,
				3C04F2D9209CAD1000D4AD20 /* TopFreeApps.xcdatamodeld */,
			);
			path = TopFreeApps;
			sourceTree = "<group>";
		};
		3C04F2E9209CAD1300D4AD20 /* TopFreeAppsTests */ = {
			isa = PBXGroup;
			children = (
				3C04F2EA209CAD1300D4AD20 /* TopFreeAppsTests.swift */,
				3C04F2EC209CAD1300D4AD20 /* Info.plist */,
			);
			path = TopFreeAppsTests;
			sourceTree = "<group>";
		};
		3C04F2F4209CAD1300D4AD20 /* TopFreeAppsUITests */ = {
			isa = PBXGroup;
			children = (
				3C04F2F5209CAD1300D4AD20 /* TopFreeAppsUITests.swift */,
				3C04F2F7209CAD1300D4AD20 /* Info.plist */,
			);
			path = TopFreeAppsUITests;
			sourceTree = "<group>";
		};
/* End PBXGroup section */

/* Begin PBXNativeTarget section */
		3C04F2CE209CAD1000D4AD20 /* TopFreeApps */ = {
			isa = PBXNativeTarget;
			buildConfigurationList = 3C04F2FA209CAD1300D4AD20 /* Build configuration list for PBXNativeTarget "TopFreeApps" */;
			buildPhases = (
				3C04F2CB209CAD1000D4AD20 /* Sources */,
				3C04F2CC209CAD1000D4AD20 /* Frameworks */,
				3C04F2CD209CAD1000D4AD20 /* Resources */,
			);
			buildRules = (
			);
			dependencies = (
			);
			name = TopFreeApps;
			productName = TopFreeApps;
			productReference = 3C04F2CF209CAD1000D4AD20 /* TopFreeApps.app */;
			productType = "com.apple.product-type.application";
		};
		3C04F2E5209CAD1300D4AD20 /* TopFreeAppsTests */ = {
			isa = PBXNativeTarget;
			buildConfigurationList = 3C04F2FD209CAD1300D4AD20 /* Build configuration list for PBXNativeTarget "TopFreeAppsTests" */;
			buildPhases = (
				3C04F2E2209CAD1300D4AD20 /* Sources */,
				3C04F2E3209CAD1300D4AD20 /* Frameworks */,
				3C04F2E4209CAD1300D4AD20 /* Resources */,
			);
			buildRules = (
			);
			dependencies = (
				3C04F2E8209CAD1300D4AD20 /* PBXTargetDependency */,
			);
			name = TopFreeAppsTests;
			productName = TopFreeAppsTests;
			productReference = 3C04F2E6209CAD1300D4AD20 /* TopFreeAppsTests.xctest */;
			productType = "com.apple.product-type.bundle.unit-test";
		};
		3C04F2F0209CAD1300D4AD20 /* TopFreeAppsUITests */ = {
			isa = PBXNativeTarget;
			buildConfigurationList = 3C04F300209CAD1300D4AD20 /* Build configuration list for PBXNativeTarget "TopFreeAppsUITests" */;
			buildPhases = (
				3C04F2ED209CAD1300D4AD20 /* Sources */,
				3C04F2EE209CAD1300D4AD20 /* Frameworks */,
				3C04F2EF209CAD1300D4AD20 /* Resources */,
			);
			buildRules = (
			);
			dependencies = (
				3C04F2F3209CAD1300D4AD20 /* PBXTargetDependency */,
			);
			name = TopFreeAppsUITests;
			productName = TopFreeAppsUITests;
			productReference = 3C04F2F1209CAD1300D4AD20 /* TopFreeAppsUITests.xctest */;
			productType = "com.apple.product-type.bundle.ui-testing";
		};
/* End PBXNativeTarget section */

/* Begin PBXProject section */
		3C04F2C7209CAD1000D4AD20 /* Project object */ = {
			isa = PBXProject;
			attributes = {
				LastSwiftUpdateCheck = 0930;
				LastUpgradeCheck = 0930;
				ORGANIZATIONNAME = king;
				TargetAttributes = {
					3C04F2CE209CAD1000D4AD20 = {
						CreatedOnToolsVersion = 9.3;
					};
					3C04F2E5209CAD1300D4AD20 = {
						CreatedOnToolsVersion = 9.3;
						TestTargetID = 3C04F2CE209CAD1000D4AD20;
					};
					3C04F2F0209CAD1300D4AD20 = {
						CreatedOnToolsVersion = 9.3;
						TestTargetID = 3C04F2CE209CAD1000D4AD20;
					};
				};
			};
			buildConfigurationList = 3C04F2CA209CAD1000D4AD20 /* Build configuration list for PBXProject "TopFreeApps" */;
			compatibilityVersion = "Xcode 9.3";
			developmentRegion = en;
			hasScannedForEncodings = 0;
			knownRegions = (
				en,
				Base,
			);
			mainGroup = 3C04F2C6209CAD1000D4AD20;
			productRefGroup = 3C04F2D0209CAD1000D4AD20 /* Products */;
			projectDirPath = "";
			projectRoot = "";
			targets = (
				3C04F2CE209CAD1000D4AD20 /* TopFreeApps */,
				3C04F2E5209CAD1300D4AD20 /* TopFreeAppsTests */,
				3C04F2F0209CAD1300D4AD20 /* TopFreeAppsUITests */,
			);
		};
/* End PBXProject section */

/* Begin PBXResourcesBuildPhase section */
		3C04F2CD209CAD1000D4AD20 /* Resources */ = {
			isa = PBXResourcesBuildPhase;
			buildActionMask = 2147483647;
			files = (
				3C04F2E0209CAD1300D4AD20 /* LaunchScreen.storyboard in Resources */,
				3C04F2DD209CAD1300D4AD20 /* Assets.xcassets in Resources */,
				3C04F2D8209CAD1000D4AD20 /* Main.storyboard in Resources */,
			);
			runOnlyForDeploymentPostprocessing = 0;
		};
		3C04F2E4209CAD1300D4AD20 /* Resources */ = {
			isa = PBXResourcesBuildPhase;
			buildActionMask = 2147483647;
			files = (
			);
			runOnlyForDeploymentPostprocessing = 0;
		};
		3C04F2EF209CAD1300D4AD20 /* Resources */ = {
			isa = PBXResourcesBuildPhase;
			buildActionMask = 2147483647;
			files = (
			);
			runOnlyForDeploymentPostprocessing = 0;
		};
/* End PBXResourcesBuildPhase section */

/* Begin PBXSourcesBuildPhase section */
		3C04F2CB209CAD1000D4AD20 /* Sources */ = {
			isa = PBXSourcesBuildPhase;
			buildActionMask = 2147483647;
			files = (
				3C04F2D5209CAD1000D4AD20 /* ViewController.swift in Sources */,
				3C04F2DB209CAD1000D4AD20 /* TopFreeApps.xcdatamodeld in Sources */,
				3C04F2D3209CAD1000D4AD20 /* AppDelegate.swift in Sources */,
			);
			runOnlyForDeploymentPostprocessing = 0;
		};
		3C04F2E2209CAD1300D4AD20 /* Sources */ = {
			isa = PBXSourcesBuildPhase;
			buildActionMask = 2147483647;
			files = (
				3C04F2EB209CAD1300D4AD20 /* TopFreeAppsTests.swift in Sources */,
			);
			runOnlyForDeploymentPostprocessing = 0;
		};
		3C04F2ED209CAD1300D4AD20 /* Sources */ = {
			isa = PBXSourcesBuildPhase;
			buildActionMask = 2147483647;
			files = (
				3C04F2F6209CAD1300D4AD20 /* TopFreeAppsUITests.swift in Sources */,
			);
			runOnlyForDeploymentPostprocessing = 0;
		};
/* End PBXSourcesBuildPhase section */

/* Begin PBXTargetDependency section */
		3C04F2E8209CAD1300D4AD20 /* PBXTargetDependency */ = {
			isa = PBXTargetDependency;
			target = 3C04F2CE209CAD1000D4AD20 /* TopFreeApps */;
			targetProxy = 3C04F2E7209CAD1300D4AD20 /* PBXContainerItemProxy */;
		};
		3C04F2F3209CAD1300D4AD20 /* PBXTargetDependency */ = {
			isa = PBXTargetDependency;
			target = 3C04F2CE209CAD1000D4AD20 /* TopFreeApps */;
			targetProxy = 3C04F2F2209CAD1300D4AD20 /* PBXContainerItemProxy */;
		};
/* End PBXTargetDependency section */

/* Begin PBXVariantGroup section */
		3C04F2D6209CAD1000D4AD20 /* Main.storyboard */ = {
			isa = PBXVariantGroup;
			children = (
				3C04F2D7209CAD1000D4AD20 /* Base */,
			);
			name = Main.storyboard;
			sourceTree = "<group>";
		};
		3C04F2DE209CAD1300D4AD20 /* LaunchScreen.storyboard */ = {
			isa = PBXVariantGroup;
			children = (
				3C04F2DF209CAD1300D4AD20 /* Base */,
			);
			name = LaunchScreen.storyboard;
			sourceTree = "<group>";
		};
/* End PBXVariantGroup section */

/* Begin XCBuildConfiguration section */
		3C04F2F8209CAD1300D4AD20 /* Debug */ = {
			isa = XCBuildConfiguration;
			buildSettings = {
				ALWAYS_SEARCH_USER_PATHS = NO;
				CLANG_ANALYZER_NONNULL = YES;
				CLANG_ANALYZER_NUMBER_OBJECT_CONVERSION = YES_AGGRESSIVE;
				CLANG_CXX_LANGUAGE_STANDARD = "gnu++14";
				CLANG_CXX_LIBRARY = "libc++";
				CLANG_ENABLE_MODULES = YES;
				CLANG_ENABLE_OBJC_ARC = YES;
				CLANG_ENABLE_OBJC_WEAK = YES;
				CLANG_WARN_BLOCK_CAPTURE_AUTORELEASING = YES;
				CLANG_WARN_BOOL_CONVERSION = YES;
				CLANG_WARN_COMMA = YES;
				CLANG_WARN_CONSTANT_CONVERSION = YES;
				CLANG_WARN_DEPRECATED_OBJC_IMPLEMENTATIONS = YES;
				CLANG_WARN_DIRECT_OBJC_ISA_USAGE = YES_ERROR;
				CLANG_WARN_DOCUMENTATION_COMMENTS = YES;
				CLANG_WARN_EMPTY_BODY = YES;
				CLANG_WARN_ENUM_CONVERSION = YES;
				CLANG_WARN_INFINITE_RECURSION = YES;
				CLANG_WARN_INT_CONVERSION = YES;
				CLANG_WARN_NON_LITERAL_NULL_CONVERSION = YES;
				CLANG_WARN_OBJC_IMPLICIT_RETAIN_SELF = YES;
				CLANG_WARN_OBJC_LITERAL_CONVERSION = YES;
				CLANG_WARN_OBJC_ROOT_CLASS = YES_ERROR;
				CLANG_WARN_RANGE_LOOP_ANALYSIS = YES;
				CLANG_WARN_STRICT_PROTOTYPES = YES;
				CLANG_WARN_SUSPICIOUS_MOVE = YES;
				CLANG_WARN_UNGUARDED_AVAILABILITY = YES_AGGRESSIVE;
				CLANG_WARN_UNREACHABLE_CODE = YES;
				CLANG_WARN__DUPLICATE_METHOD_MATCH = YES;
				CODE_SIGN_IDENTITY = "iPhone Developer";
				COPY_PHASE_STRIP = NO;
				DEBUG_INFORMATION_FORMAT = dwarf;
				ENABLE_STRICT_OBJC_MSGSEND = YES;
				ENABLE_TESTABILITY = YES;
				GCC_C_LANGUAGE_STANDARD = gnu11;
				GCC_DYNAMIC_NO_PIC = NO;
				GCC_NO_COMMON_BLOCKS = YES;
				GCC_OPTIMIZATION_LEVEL = 0;
				GCC_PREPROCESSOR_DEFINITIONS = (
					"DEBUG=1",
					"$(inherited)",
				);
				GCC_WARN_64_TO_32_BIT_CONVERSION = YES;
				GCC_WARN_ABOUT_RETURN_TYPE = YES_ERROR;
				GCC_WARN_UNDECLARED_SELECTOR = YES;
				GCC_WARN_UNINITIALIZED_AUTOS = YES_AGGRESSIVE;
				GCC_WARN_UNUSED_FUNCTION = YES;
				GCC_WARN_UNUSED_VARIABLE = YES;
				IPHONEOS_DEPLOYMENT_TARGET = 11.3;
				MTL_ENABLE_DEBUG_INFO = YES;
				ONLY_ACTIVE_ARCH = YES;
				SDKROOT = iphoneos;
				SWIFT_ACTIVE_COMPILATION_CONDITIONS = DEBUG;
				SWIFT_OPTIMIZATION_LEVEL = "-Onone";
			};
			name = Debug;
		};
		3C04F2F9209CAD1300D4AD20 /* Release */ = {
			isa = XCBuildConfiguration;
			buildSettings = {
				ALWAYS_SEARCH_USER_PATHS = NO;
				CLANG_ANALYZER_NONNULL = YES;
				CLANG_ANALYZER_NUMBER_OBJECT_CONVERSION = YES_AGGRESSIVE;
				CLANG_CXX_LANGUAGE_STANDARD = "gnu++14";
				CLANG_CXX_LIBRARY = "libc++";
				CLANG_ENABLE_MODULES = YES;
				CLANG_ENABLE_OBJC_ARC = YES;
				CLANG_ENABLE_OBJC_WEAK = YES;
				CLANG_WARN_BLOCK_CAPTURE_AUTORELEASING = YES;
				CLANG_WARN_BOOL_CONVERSION = YES;
				CLANG_WARN_COMMA = YES;
				CLANG_WARN_CONSTANT_CONVERSION = YES;
				CLANG_WARN_DEPRECATED_OBJC_IMPLEMENTATIONS = YES;
				CLANG_WARN_DIRECT_OBJC_ISA_USAGE = YES_ERROR;
				CLANG_WARN_DOCUMENTATION_COMMENTS = YES;
				CLANG_WARN_EMPTY_BODY = YES;
				CLANG_WARN_ENUM_CONVERSION = YES;
				CLANG_WARN_INFINITE_RECURSION = YES;
				CLANG_WARN_INT_CONVERSION = YES;
				CLANG_WARN_NON_LITERAL_NULL_CONVERSION = YES;
				CLANG_WARN_OBJC_IMPLICIT_RETAIN_SELF = YES;
				CLANG_WARN_OBJC_LITERAL_CONVERSION = YES;
				CLANG_WARN_OBJC_ROOT_CLASS = YES_ERROR;
				CLANG_WARN_RANGE_LOOP_ANALYSIS = YES;
				CLANG_WARN_STRICT_PROTOTYPES = YES;
				CLANG_WARN_SUSPICIOUS_MOVE = YES;
				CLANG_WARN_UNGUARDED_AVAILABILITY = YES_AGGRESSIVE;
				CLANG_WARN_UNREACHABLE_CODE = YES;
				CLANG_WARN__DUPLICATE_METHOD_MATCH = YES;
				CODE_SIGN_IDENTITY = "iPhone Developer";
				COPY_PHASE_STRIP = NO;
				DEBUG_INFORMATION_FORMAT = "dwarf-with-dsym";
				ENABLE_NS_ASSERTIONS = NO;
				ENABLE_STRICT_OBJC_MSGSEND = YES;
				GCC_C_LANGUAGE_STANDARD = gnu11;
				GCC_NO_COMMON_BLOCKS = YES;
				GCC_WARN_64_TO_32_BIT_CONVERSION = YES;
				GCC_WARN_ABOUT_RETURN_TYPE = YES_ERROR;
				GCC_WARN_UNDECLARED_SELECTOR = YES;
				GCC_WARN_UNINITIALIZED_AUTOS = YES_AGGRESSIVE;
				GCC_WARN_UNUSED_FUNCTION = YES;
				GCC_WARN_UNUSED_VARIABLE = YES;
				IPHONEOS_DEPLOYMENT_TARGET = 11.3;
				MTL_ENABLE_DEBUG_INFO = NO;
				SDKROOT = iphoneos;
				SWIFT_COMPILATION_MODE = wholemodule;
				SWIFT_OPTIMIZATION_LEVEL = "-O";
				VALIDATE_PRODUCT = YES;
			};
			name = Release;
		};
		3C04F2FB209CAD1300D4AD20 /* Debug */ = {
			isa = XCBuildConfiguration;
			buildSettings = {
				ASSETCATALOG_COMPILER_APPICON_NAME = AppIcon;
				CODE_SIGN_STYLE = Automatic;
				DEVELOPMENT_TEAM = 47G2GPXQ4K;
				INFOPLIST_FILE = TopFreeApps/Info.plist;
				LD_RUNPATH_SEARCH_PATHS = (
					"$(inherited)",
					"@executable_path/Frameworks",
				);
				PRODUCT_BUNDLE_IDENTIFIER = com.apple.TopFreeApps;
				PRODUCT_NAME = "$(TARGET_NAME)";
				SWIFT_VERSION = 4.0;
				TARGETED_DEVICE_FAMILY = "1,2";
			};
			name = Debug;
		};
		3C04F2FC209CAD1300D4AD20 /* Release */ = {
			isa = XCBuildConfiguration;
			buildSettings = {
				ASSETCATALOG_COMPILER_APPICON_NAME = AppIcon;
				CODE_SIGN_STYLE = Automatic;
				DEVELOPMENT_TEAM = 47G2GPXQ4K;
				INFOPLIST_FILE = TopFreeApps/Info.plist;
				LD_RUNPATH_SEARCH_PATHS = (
					"$(inherited)",
					"@executable_path/Frameworks",
				);
				PRODUCT_BUNDLE_IDENTIFIER = com.apple.TopFreeApps;
				PRODUCT_NAME = "$(TARGET_NAME)";
				SWIFT_VERSION = 4.0;
				TARGETED_DEVICE_FAMILY = "1,2";
			};
			name = Release;
		};
		3C04F2FE209CAD1300D4AD20 /* Debug */ = {
			isa = XCBuildConfiguration;
			buildSettings = {
				ALWAYS_EMBED_SWIFT_STANDARD_LIBRARIES = YES;
				BUNDLE_LOADER = "$(TEST_HOST)";
				CODE_SIGN_STYLE = Automatic;
				DEVELOPMENT_TEAM = 47G2GPXQ4K;
				INFOPLIST_FILE = TopFreeAppsTests/Info.plist;
				LD_RUNPATH_SEARCH_PATHS = (
					"$(inherited)",
					"@executable_path/Frameworks",
					"@loader_path/Frameworks",
				);
				PRODUCT_BUNDLE_IDENTIFIER = com.apple.TopFreeAppsTests;
				PRODUCT_NAME = "$(TARGET_NAME)";
				SWIFT_VERSION = 4.0;
				TARGETED_DEVICE_FAMILY = "1,2";
				TEST_HOST = "$(BUILT_PRODUCTS_DIR)/TopFreeApps.app/TopFreeApps";
			};
			name = Debug;
		};
		3C04F2FF209CAD1300D4AD20 /* Release */ = {
			isa = XCBuildConfiguration;
			buildSettings = {
				ALWAYS_EMBED_SWIFT_STANDARD_LIBRARIES = YES;
				BUNDLE_LOADER = "$(TEST_HOST)";
				CODE_SIGN_STYLE = Automatic;
				DEVELOPMENT_TEAM = 47G2GPXQ4K;
				INFOPLIST_FILE = TopFreeAppsTests/Info.plist;
				LD_RUNPATH_SEARCH_PATHS = (
					"$(inherited)",
					"@executable_path/Frameworks",
					"@loader_path/Frameworks",
				);
				PRODUCT_BUNDLE_IDENTIFIER = com.apple.TopFreeAppsTests;
				PRODUCT_NAME = "$(TARGET_NAME)";
				SWIFT_VERSION = 4.0;
				TARGETED_DEVICE_FAMILY = "1,2";
				TEST_HOST = "$(BUILT_PRODUCTS_DIR)/TopFreeApps.app/TopFreeApps";
			};
			name = Release;
		};
		3C04F301209CAD1300D4AD20 /* Debug */ = {
			isa = XCBuildConfiguration;
			buildSettings = {
				ALWAYS_EMBED_SWIFT_STANDARD_LIBRARIES = YES;
				CODE_SIGN_STYLE = Automatic;
				DEVELOPMENT_TEAM = 47G2GPXQ4K;
				INFOPLIST_FILE = TopFreeAppsUITests/Info.plist;
				LD_RUNPATH_SEARCH_PATHS = (
					"$(inherited)",
					"@executable_path/Frameworks",
					"@loader_path/Frameworks",
				);
				PRODUCT_BUNDLE_IDENTIFIER = com.apple.TopFreeAppsUITests;
				PRODUCT_NAME = "$(TARGET_NAME)";
				SWIFT_VERSION = 4.0;
				TARGETED_DEVICE_FAMILY = "1,2";
				TEST_TARGET_NAME = TopFreeApps;
			};
			name = Debug;
		};
		3C04F302209CAD1300D4AD20 /* Release */ = {
			isa = XCBuildConfiguration;
			buildSettings = {
				ALWAYS_EMBED_SWIFT_STANDARD_LIBRARIES = YES;
				CODE_SIGN_STYLE = Automatic;
				DEVELOPMENT_TEAM = 47G2GPXQ4K;
				INFOPLIST_FILE = TopFreeAppsUITests/Info.plist;
				LD_RUNPATH_SEARCH_PATHS = (
					"$(inherited)",
					"@executable_path/Frameworks",
					"@loader_path/Frameworks",
				);
				PRODUCT_BUNDLE_IDENTIFIER = com.apple.TopFreeAppsUITests;
				PRODUCT_NAME = "$(TARGET_NAME)";
				SWIFT_VERSION = 4.0;
				TARGETED_DEVICE_FAMILY = "1,2";
				TEST_TARGET_NAME = TopFreeApps;
			};
			name = Release;
		};
/* End XCBuildConfiguration section */

/* Begin XCConfigurationList section */
		3C04F2CA209CAD1000D4AD20 /* Build configuration list for PBXProject "TopFreeApps" */ = {
			isa = XCConfigurationList;
			buildConfigurations = (
				3C04F2F8209CAD1300D4AD20 /* Debug */,
				3C04F2F9209CAD1300D4AD20 /* Release */,
			);
			defaultConfigurationIsVisible = 0;
			defaultConfigurationName = Release;
		};
		3C04F2FA209CAD1300D4AD20 /* Build configuration list for PBXNativeTarget "TopFreeApps" */ = {
			isa = XCConfigurationList;
			buildConfigurations = (
				3C04F2FB209CAD1300D4AD20 /* Debug */,
				3C04F2FC209CAD1300D4AD20 /* Release */,
			);
			defaultConfigurationIsVisible = 0;
			defaultConfigurationName = Release;
		};
		3C04F2FD209CAD1300D4AD20 /* Build configuration list for PBXNativeTarget "TopFreeAppsTests" */ = {
			isa = XCConfigurationList;
			buildConfigurations = (
				3C04F2FE209CAD1300D4AD20 /* Debug */,
				3C04F2FF209CAD1300D4AD20 /* Release */,
			);
			defaultConfigurationIsVisible = 0;
			defaultConfigurationName = Release;
		};
		3C04F300209CAD1300D4AD20 /* Build configuration list for PBXNativeTarget "TopFreeAppsUITests" */ = {
			isa = XCConfigurationList;
			buildConfigurations = (
				3C04F301209CAD1300D4AD20 /* Debug */,
				3C04F302209CAD1300D4AD20 /* Release */,
			);
			defaultConfigurationIsVisible = 0;
			defaultConfigurationName = Release;
		};
/* End XCConfigurationList section */

/* Begin XCVersionGroup section */
		3C04F2D9209CAD1000D4AD20 /* TopFreeApps.xcdatamodeld */ = {
			isa = XCVersionGroup;
			children = (
				3C04F2DA209CAD1000D4AD20 /* TopFreeApps.xcdatamodel */,
			);
			currentVersion = 3C04F2DA209CAD1000D4AD20 /* TopFreeApps.xcdatamodel */;
			path = TopFreeApps.xcdatamodeld;
			sourceTree = "<group>";
			versionGroupType = wrapper.xcdatamodel;
		};
/* End XCVersionGroup section */
	};
	rootObject = 3C04F2C7209CAD1000D4AD20 /* Project object */;
}
